// !$*UTF8*$!
{
	archiveVersion = 1;
	classes = {
	};
	objectVersion = 56;
	objects = {

/* Begin PBXBuildFile section */
		634534632A0DD80800C2B721 /* CeibaApp.swift in Sources */ = {isa = PBXBuildFile; fileRef = 634534622A0DD80800C2B721 /* CeibaApp.swift */; };
		634534672A0DD80900C2B721 /* Assets.xcassets in Resources */ = {isa = PBXBuildFile; fileRef = 634534662A0DD80900C2B721 /* Assets.xcassets */; };
		634534792A0DD80900C2B721 /* UserViewModel-Tests.swift in Sources */ = {isa = PBXBuildFile; fileRef = 634534782A0DD80900C2B721 /* UserViewModel-Tests.swift */; };
		634534832A0DD80900C2B721 /* CeibaUITests.swift in Sources */ = {isa = PBXBuildFile; fileRef = 634534822A0DD80900C2B721 /* CeibaUITests.swift */; };
		634534852A0DD80900C2B721 /* CeibaUITestsLaunchTests.swift in Sources */ = {isa = PBXBuildFile; fileRef = 634534842A0DD80900C2B721 /* CeibaUITestsLaunchTests.swift */; };
		634534942A0DDC4A00C2B721 /* SplashScreen.swift in Sources */ = {isa = PBXBuildFile; fileRef = 634534932A0DDC4A00C2B721 /* SplashScreen.swift */; };
		634A866E2A1A55BD00925F7C /* Launch Screen.storyboard in Resources */ = {isa = PBXBuildFile; fileRef = 634A866D2A1A55BD00925F7C /* Launch Screen.storyboard */; };
		6351D0872A11305C00C1316A /* UserModel.swift in Sources */ = {isa = PBXBuildFile; fileRef = 6351D0862A11305C00C1316A /* UserModel.swift */; };
		6351D08A2A11356F00C1316A /* Users.swift in Sources */ = {isa = PBXBuildFile; fileRef = 6351D0892A11356F00C1316A /* Users.swift */; };
		6351D08E2A11792A00C1316A /* SearchTextInput.swift in Sources */ = {isa = PBXBuildFile; fileRef = 6351D08D2A11792A00C1316A /* SearchTextInput.swift */; };
		6351D0902A11B17E00C1316A /* ListUserCellView.swift in Sources */ = {isa = PBXBuildFile; fileRef = 6351D08F2A11B17E00C1316A /* ListUserCellView.swift */; };
		6351D0932A1263C500C1316A /* RouterService.swift in Sources */ = {isa = PBXBuildFile; fileRef = 6351D0922A1263C500C1316A /* RouterService.swift */; };
		6362C9342A1A923F00B0B4C1 /* UserScreen.swift in Sources */ = {isa = PBXBuildFile; fileRef = 6362C9332A1A923F00B0B4C1 /* UserScreen.swift */; };
		6362C9372A1AD11100B0B4C1 /* User-Data.swift in Sources */ = {isa = PBXBuildFile; fileRef = 6362C9362A1AD11100B0B4C1 /* User-Data.swift */; };
		6362C9392A1AD98000B0B4C1 /* Post-Data.swift in Sources */ = {isa = PBXBuildFile; fileRef = 6362C9382A1AD98000B0B4C1 /* Post-Data.swift */; };
		6362C93B2A1ADA2B00B0B4C1 /* PostModel.swift in Sources */ = {isa = PBXBuildFile; fileRef = 6362C93A2A1ADA2B00B0B4C1 /* PostModel.swift */; };
		6362C93E2A1AE14E00B0B4C1 /* JsonPlaceHolderApiService.swift in Sources */ = {isa = PBXBuildFile; fileRef = 6362C93D2A1AE14E00B0B4C1 /* JsonPlaceHolderApiService.swift */; };
		6362C9402A1BC10900B0B4C1 /* UsersViewModel.swift in Sources */ = {isa = PBXBuildFile; fileRef = 6362C93F2A1BC10900B0B4C1 /* UsersViewModel.swift */; };
		636D1DD62A6DDA99002A59E5 /* PostViewModel-Tests.swift in Sources */ = {isa = PBXBuildFile; fileRef = 636D1DD52A6DDA99002A59E5 /* PostViewModel-Tests.swift */; };
		63DC66762A1D626400FA7C3A /* ProgressPopup.swift in Sources */ = {isa = PBXBuildFile; fileRef = 63DC66752A1D626400FA7C3A /* ProgressPopup.swift */; };
		63DC66782A1D848C00FA7C3A /* UserPostsViewModel.swift in Sources */ = {isa = PBXBuildFile; fileRef = 63DC66772A1D848C00FA7C3A /* UserPostsViewModel.swift */; };
		63DC667B2A1D920200FA7C3A /* Definitions.swift in Sources */ = {isa = PBXBuildFile; fileRef = 63DC667A2A1D920200FA7C3A /* Definitions.swift */; };
		63DC667D2A1D93EB00FA7C3A /* LocalStorageService.swift in Sources */ = {isa = PBXBuildFile; fileRef = 63DC667C2A1D93EB00FA7C3A /* LocalStorageService.swift */; };
		63DC667F2A1DAF9A00FA7C3A /* Mocks.swift in Sources */ = {isa = PBXBuildFile; fileRef = 63DC667E2A1DAF9A00FA7C3A /* Mocks.swift */; };
		63DF4E8B2A1011790025F014 /* UsersScreen.swift in Sources */ = {isa = PBXBuildFile; fileRef = 63DF4E8A2A1011790025F014 /* UsersScreen.swift */; };
/* End PBXBuildFile section */

/* Begin PBXContainerItemProxy section */
		634534752A0DD80900C2B721 /* PBXContainerItemProxy */ = {
			isa = PBXContainerItemProxy;
			containerPortal = 634534572A0DD80800C2B721 /* Project object */;
			proxyType = 1;
			remoteGlobalIDString = 6345345E2A0DD80800C2B721;
			remoteInfo = Ceiba;
		};
		6345347F2A0DD80900C2B721 /* PBXContainerItemProxy */ = {
			isa = PBXContainerItemProxy;
			containerPortal = 634534572A0DD80800C2B721 /* Project object */;
			proxyType = 1;
			remoteGlobalIDString = 6345345E2A0DD80800C2B721;
			remoteInfo = Ceiba;
		};
/* End PBXContainerItemProxy section */

/* Begin PBXFileReference section */
		6345345F2A0DD80800C2B721 /* Ceiba.app */ = {isa = PBXFileReference; explicitFileType = wrapper.application; includeInIndex = 0; path = Ceiba.app; sourceTree = BUILT_PRODUCTS_DIR; };
		634534622A0DD80800C2B721 /* CeibaApp.swift */ = {isa = PBXFileReference; lastKnownFileType = sourcecode.swift; path = CeibaApp.swift; sourceTree = "<group>"; };
		634534662A0DD80900C2B721 /* Assets.xcassets */ = {isa = PBXFileReference; lastKnownFileType = folder.assetcatalog; path = Assets.xcassets; sourceTree = "<group>"; };
		634534742A0DD80900C2B721 /* CeibaTests.xctest */ = {isa = PBXFileReference; explicitFileType = wrapper.cfbundle; includeInIndex = 0; path = CeibaTests.xctest; sourceTree = BUILT_PRODUCTS_DIR; };
		634534782A0DD80900C2B721 /* UserViewModel-Tests.swift */ = {isa = PBXFileReference; lastKnownFileType = sourcecode.swift; path = "UserViewModel-Tests.swift"; sourceTree = "<group>"; };
		6345347E2A0DD80900C2B721 /* CeibaUITests.xctest */ = {isa = PBXFileReference; explicitFileType = wrapper.cfbundle; includeInIndex = 0; path = CeibaUITests.xctest; sourceTree = BUILT_PRODUCTS_DIR; };
		634534822A0DD80900C2B721 /* CeibaUITests.swift */ = {isa = PBXFileReference; lastKnownFileType = sourcecode.swift; path = CeibaUITests.swift; sourceTree = "<group>"; };
		634534842A0DD80900C2B721 /* CeibaUITestsLaunchTests.swift */ = {isa = PBXFileReference; lastKnownFileType = sourcecode.swift; path = CeibaUITestsLaunchTests.swift; sourceTree = "<group>"; };
		634534932A0DDC4A00C2B721 /* SplashScreen.swift */ = {isa = PBXFileReference; lastKnownFileType = sourcecode.swift; path = SplashScreen.swift; sourceTree = "<group>"; };
		634A866D2A1A55BD00925F7C /* Launch Screen.storyboard */ = {isa = PBXFileReference; lastKnownFileType = file.storyboard; path = "Launch Screen.storyboard"; sourceTree = "<group>"; };
		6351D0862A11305C00C1316A /* UserModel.swift */ = {isa = PBXFileReference; lastKnownFileType = sourcecode.swift; path = UserModel.swift; sourceTree = "<group>"; };
		6351D0892A11356F00C1316A /* Users.swift */ = {isa = PBXFileReference; lastKnownFileType = sourcecode.swift; path = Users.swift; sourceTree = "<group>"; };
		6351D08D2A11792A00C1316A /* SearchTextInput.swift */ = {isa = PBXFileReference; lastKnownFileType = sourcecode.swift; path = SearchTextInput.swift; sourceTree = "<group>"; };
		6351D08F2A11B17E00C1316A /* ListUserCellView.swift */ = {isa = PBXFileReference; lastKnownFileType = sourcecode.swift; path = ListUserCellView.swift; sourceTree = "<group>"; };
		6351D0922A1263C500C1316A /* RouterService.swift */ = {isa = PBXFileReference; lastKnownFileType = sourcecode.swift; path = RouterService.swift; sourceTree = "<group>"; };
		6362C9332A1A923F00B0B4C1 /* UserScreen.swift */ = {isa = PBXFileReference; lastKnownFileType = sourcecode.swift; path = UserScreen.swift; sourceTree = "<group>"; };
		6362C9362A1AD11100B0B4C1 /* User-Data.swift */ = {isa = PBXFileReference; lastKnownFileType = sourcecode.swift; path = "User-Data.swift"; sourceTree = "<group>"; };
		6362C9382A1AD98000B0B4C1 /* Post-Data.swift */ = {isa = PBXFileReference; lastKnownFileType = sourcecode.swift; path = "Post-Data.swift"; sourceTree = "<group>"; };
		6362C93A2A1ADA2B00B0B4C1 /* PostModel.swift */ = {isa = PBXFileReference; lastKnownFileType = sourcecode.swift; path = PostModel.swift; sourceTree = "<group>"; };
		6362C93D2A1AE14E00B0B4C1 /* JsonPlaceHolderApiService.swift */ = {isa = PBXFileReference; lastKnownFileType = sourcecode.swift; path = JsonPlaceHolderApiService.swift; sourceTree = "<group>"; };
		6362C93F2A1BC10900B0B4C1 /* UsersViewModel.swift */ = {isa = PBXFileReference; lastKnownFileType = sourcecode.swift; path = UsersViewModel.swift; sourceTree = "<group>"; };
		636D1DD52A6DDA99002A59E5 /* PostViewModel-Tests.swift */ = {isa = PBXFileReference; lastKnownFileType = sourcecode.swift; path = "PostViewModel-Tests.swift"; sourceTree = "<group>"; };
		63DC66752A1D626400FA7C3A /* ProgressPopup.swift */ = {isa = PBXFileReference; lastKnownFileType = sourcecode.swift; path = ProgressPopup.swift; sourceTree = "<group>"; };
		63DC66772A1D848C00FA7C3A /* UserPostsViewModel.swift */ = {isa = PBXFileReference; lastKnownFileType = sourcecode.swift; path = UserPostsViewModel.swift; sourceTree = "<group>"; };
		63DC667A2A1D920200FA7C3A /* Definitions.swift */ = {isa = PBXFileReference; lastKnownFileType = sourcecode.swift; path = Definitions.swift; sourceTree = "<group>"; };
		63DC667C2A1D93EB00FA7C3A /* LocalStorageService.swift */ = {isa = PBXFileReference; lastKnownFileType = sourcecode.swift; path = LocalStorageService.swift; sourceTree = "<group>"; };
		63DC667E2A1DAF9A00FA7C3A /* Mocks.swift */ = {isa = PBXFileReference; lastKnownFileType = sourcecode.swift; path = Mocks.swift; sourceTree = "<group>"; };
		63DF4E8A2A1011790025F014 /* UsersScreen.swift */ = {isa = PBXFileReference; lastKnownFileType = sourcecode.swift; path = UsersScreen.swift; sourceTree = "<group>"; };
/* End PBXFileReference section */

/* Begin PBXFrameworksBuildPhase section */
		6345345C2A0DD80800C2B721 /* Frameworks */ = {
			isa = PBXFrameworksBuildPhase;
			buildActionMask = 2147483647;
			files = (
			);
			runOnlyForDeploymentPostprocessing = 0;
		};
		634534712A0DD80900C2B721 /* Frameworks */ = {
			isa = PBXFrameworksBuildPhase;
			buildActionMask = 2147483647;
			files = (
			);
			runOnlyForDeploymentPostprocessing = 0;
		};
		6345347B2A0DD80900C2B721 /* Frameworks */ = {
			isa = PBXFrameworksBuildPhase;
			buildActionMask = 2147483647;
			files = (
			);
			runOnlyForDeploymentPostprocessing = 0;
		};
/* End PBXFrameworksBuildPhase section */

/* Begin PBXGroup section */
		634534562A0DD80800C2B721 = {
			isa = PBXGroup;
			children = (
				634534612A0DD80800C2B721 /* Ceiba */,
				634534772A0DD80900C2B721 /* CeibaTests */,
				634534812A0DD80900C2B721 /* CeibaUITests */,
				634534602A0DD80800C2B721 /* Products */,
			);
			sourceTree = "<group>";
		};
		634534602A0DD80800C2B721 /* Products */ = {
			isa = PBXGroup;
			children = (
				6345345F2A0DD80800C2B721 /* Ceiba.app */,
				634534742A0DD80900C2B721 /* CeibaTests.xctest */,
				6345347E2A0DD80900C2B721 /* CeibaUITests.xctest */,
			);
			name = Products;
			sourceTree = "<group>";
		};
		634534612A0DD80800C2B721 /* Ceiba */ = {
			isa = PBXGroup;
			children = (
				6351D0852A11304700C1316A /* Models */,
				634534922A0DDC2A00C2B721 /* Views */,
				6362C93C2A1AE04C00B0B4C1 /* ViewModels */,
				6351D0912A1263A600C1316A /* Services */,
				634534912A0DD82500C2B721 /* Resources */,
				634534622A0DD80800C2B721 /* CeibaApp.swift */,
			);
			path = Ceiba;
			sourceTree = "<group>";
		};
		634534772A0DD80900C2B721 /* CeibaTests */ = {
			isa = PBXGroup;
			children = (
				6351D0882A11355A00C1316A /* FakeData */,
				634534782A0DD80900C2B721 /* UserViewModel-Tests.swift */,
				636D1DD52A6DDA99002A59E5 /* PostViewModel-Tests.swift */,
			);
			path = CeibaTests;
			sourceTree = "<group>";
		};
		634534812A0DD80900C2B721 /* CeibaUITests */ = {
			isa = PBXGroup;
			children = (
				634534822A0DD80900C2B721 /* CeibaUITests.swift */,
				634534842A0DD80900C2B721 /* CeibaUITestsLaunchTests.swift */,
			);
			path = CeibaUITests;
			sourceTree = "<group>";
		};
		634534912A0DD82500C2B721 /* Resources */ = {
			isa = PBXGroup;
			children = (
				634534662A0DD80900C2B721 /* Assets.xcassets */,
			);
			path = Resources;
			sourceTree = "<group>";
		};
		634534922A0DDC2A00C2B721 /* Views */ = {
			isa = PBXGroup;
			children = (
				63DF4E8C2A101FCB0025F014 /* Share-UIComponents */,
				6362C9312A1A920F00B0B4C1 /* Splash */,
				6351D08B2A1178AE00C1316A /* Users */,
				6362C9322A1A922800B0B4C1 /* User */,
			);
			path = Views;
			sourceTree = "<group>";
		};
		6351D0852A11304700C1316A /* Models */ = {
			isa = PBXGroup;
			children = (
				63DC66792A1D91E100FA7C3A /* AppSettings */,
				6362C9352A1AD0FC00B0B4C1 /* Data */,
				6351D0862A11305C00C1316A /* UserModel.swift */,
				6362C93A2A1ADA2B00B0B4C1 /* PostModel.swift */,
			);
			path = Models;
			sourceTree = "<group>";
		};
		6351D0882A11355A00C1316A /* FakeData */ = {
			isa = PBXGroup;
			children = (
				6351D0892A11356F00C1316A /* Users.swift */,
			);
			path = FakeData;
			sourceTree = "<group>";
		};
		6351D08B2A1178AE00C1316A /* Users */ = {
			isa = PBXGroup;
			children = (
				6351D08C2A1178E100C1316A /* Components */,
				63DF4E8A2A1011790025F014 /* UsersScreen.swift */,
			);
			path = Users;
			sourceTree = "<group>";
		};
		6351D08C2A1178E100C1316A /* Components */ = {
			isa = PBXGroup;
			children = (
				6351D08D2A11792A00C1316A /* SearchTextInput.swift */,
				6351D08F2A11B17E00C1316A /* ListUserCellView.swift */,
			);
			path = Components;
			sourceTree = "<group>";
		};
		6351D0912A1263A600C1316A /* Services */ = {
			isa = PBXGroup;
			children = (
				6351D0922A1263C500C1316A /* RouterService.swift */,
				6362C93D2A1AE14E00B0B4C1 /* JsonPlaceHolderApiService.swift */,
				63DC667C2A1D93EB00FA7C3A /* LocalStorageService.swift */,
			);
			path = Services;
			sourceTree = "<group>";
		};
		6362C9312A1A920F00B0B4C1 /* Splash */ = {
			isa = PBXGroup;
			children = (
				634A866D2A1A55BD00925F7C /* Launch Screen.storyboard */,
				634534932A0DDC4A00C2B721 /* SplashScreen.swift */,
			);
			path = Splash;
			sourceTree = "<group>";
		};
		6362C9322A1A922800B0B4C1 /* User */ = {
			isa = PBXGroup;
			children = (
				6362C9332A1A923F00B0B4C1 /* UserScreen.swift */,
			);
			path = User;
			sourceTree = "<group>";
		};
		6362C9352A1AD0FC00B0B4C1 /* Data */ = {
			isa = PBXGroup;
			children = (
				6362C9382A1AD98000B0B4C1 /* Post-Data.swift */,
				6362C9362A1AD11100B0B4C1 /* User-Data.swift */,
				63DC667E2A1DAF9A00FA7C3A /* Mocks.swift */,
			);
			path = Data;
			sourceTree = "<group>";
		};
		6362C93C2A1AE04C00B0B4C1 /* ViewModels */ = {
			isa = PBXGroup;
			children = (
				6362C93F2A1BC10900B0B4C1 /* UsersViewModel.swift */,
				63DC66772A1D848C00FA7C3A /* UserPostsViewModel.swift */,
			);
			path = ViewModels;
			sourceTree = "<group>";
		};
		63DC66792A1D91E100FA7C3A /* AppSettings */ = {
			isa = PBXGroup;
			children = (
				63DC667A2A1D920200FA7C3A /* Definitions.swift */,
			);
			path = AppSettings;
			sourceTree = "<group>";
		};
		63DF4E8C2A101FCB0025F014 /* Share-UIComponents */ = {
			isa = PBXGroup;
			children = (
				63DC66752A1D626400FA7C3A /* ProgressPopup.swift */,
			);
			path = "Share-UIComponents";
			sourceTree = "<group>";
		};
/* End PBXGroup section */

/* Begin PBXNativeTarget section */
		6345345E2A0DD80800C2B721 /* Ceiba */ = {
			isa = PBXNativeTarget;
			buildConfigurationList = 634534882A0DD80900C2B721 /* Build configuration list for PBXNativeTarget "Ceiba" */;
			buildPhases = (
				6345345B2A0DD80800C2B721 /* Sources */,
				6345345C2A0DD80800C2B721 /* Frameworks */,
				6345345D2A0DD80800C2B721 /* Resources */,
			);
			buildRules = (
			);
			dependencies = (
			);
			name = Ceiba;
			productName = Ceiba;
			productReference = 6345345F2A0DD80800C2B721 /* Ceiba.app */;
			productType = "com.apple.product-type.application";
		};
		634534732A0DD80900C2B721 /* CeibaTests */ = {
			isa = PBXNativeTarget;
			buildConfigurationList = 6345348B2A0DD80900C2B721 /* Build configuration list for PBXNativeTarget "CeibaTests" */;
			buildPhases = (
				634534702A0DD80900C2B721 /* Sources */,
				634534712A0DD80900C2B721 /* Frameworks */,
				634534722A0DD80900C2B721 /* Resources */,
			);
			buildRules = (
			);
			dependencies = (
				634534762A0DD80900C2B721 /* PBXTargetDependency */,
			);
			name = CeibaTests;
			productName = CeibaTests;
			productReference = 634534742A0DD80900C2B721 /* CeibaTests.xctest */;
			productType = "com.apple.product-type.bundle.unit-test";
		};
		6345347D2A0DD80900C2B721 /* CeibaUITests */ = {
			isa = PBXNativeTarget;
			buildConfigurationList = 6345348E2A0DD80900C2B721 /* Build configuration list for PBXNativeTarget "CeibaUITests" */;
			buildPhases = (
				6345347A2A0DD80900C2B721 /* Sources */,
				6345347B2A0DD80900C2B721 /* Frameworks */,
				6345347C2A0DD80900C2B721 /* Resources */,
			);
			buildRules = (
			);
			dependencies = (
				634534802A0DD80900C2B721 /* PBXTargetDependency */,
			);
			name = CeibaUITests;
			productName = CeibaUITests;
			productReference = 6345347E2A0DD80900C2B721 /* CeibaUITests.xctest */;
			productType = "com.apple.product-type.bundle.ui-testing";
		};
/* End PBXNativeTarget section */

/* Begin PBXProject section */
		634534572A0DD80800C2B721 /* Project object */ = {
			isa = PBXProject;
			attributes = {
				BuildIndependentTargetsInParallel = 1;
				LastSwiftUpdateCheck = 1430;
				LastUpgradeCheck = 1430;
				TargetAttributes = {
					6345345E2A0DD80800C2B721 = {
						CreatedOnToolsVersion = 14.3;
					};
					634534732A0DD80900C2B721 = {
						CreatedOnToolsVersion = 14.3;
						TestTargetID = 6345345E2A0DD80800C2B721;
					};
					6345347D2A0DD80900C2B721 = {
						CreatedOnToolsVersion = 14.3;
						TestTargetID = 6345345E2A0DD80800C2B721;
					};
				};
			};
			buildConfigurationList = 6345345A2A0DD80800C2B721 /* Build configuration list for PBXProject "Ceiba" */;
			compatibilityVersion = "Xcode 14.0";
			developmentRegion = en;
			hasScannedForEncodings = 0;
			knownRegions = (
				en,
				Base,
			);
			mainGroup = 634534562A0DD80800C2B721;
			productRefGroup = 634534602A0DD80800C2B721 /* Products */;
			projectDirPath = "";
			projectRoot = "";
			targets = (
				6345345E2A0DD80800C2B721 /* Ceiba */,
				634534732A0DD80900C2B721 /* CeibaTests */,
				6345347D2A0DD80900C2B721 /* CeibaUITests */,
			);
		};
/* End PBXProject section */

/* Begin PBXResourcesBuildPhase section */
		6345345D2A0DD80800C2B721 /* Resources */ = {
			isa = PBXResourcesBuildPhase;
			buildActionMask = 2147483647;
			files = (
				634A866E2A1A55BD00925F7C /* Launch Screen.storyboard in Resources */,
				634534672A0DD80900C2B721 /* Assets.xcassets in Resources */,
			);
			runOnlyForDeploymentPostprocessing = 0;
		};
		634534722A0DD80900C2B721 /* Resources */ = {
			isa = PBXResourcesBuildPhase;
			buildActionMask = 2147483647;
			files = (
			);
			runOnlyForDeploymentPostprocessing = 0;
		};
		6345347C2A0DD80900C2B721 /* Resources */ = {
			isa = PBXResourcesBuildPhase;
			buildActionMask = 2147483647;
			files = (
			);
			runOnlyForDeploymentPostprocessing = 0;
		};
/* End PBXResourcesBuildPhase section */

/* Begin PBXSourcesBuildPhase section */
		6345345B2A0DD80800C2B721 /* Sources */ = {
			isa = PBXSourcesBuildPhase;
			buildActionMask = 2147483647;
			files = (
				6362C93E2A1AE14E00B0B4C1 /* JsonPlaceHolderApiService.swift in Sources */,
				63DC66762A1D626400FA7C3A /* ProgressPopup.swift in Sources */,
				63DF4E8B2A1011790025F014 /* UsersScreen.swift in Sources */,
				6362C93B2A1ADA2B00B0B4C1 /* PostModel.swift in Sources */,
				6362C9372A1AD11100B0B4C1 /* User-Data.swift in Sources */,
				6362C9342A1A923F00B0B4C1 /* UserScreen.swift in Sources */,
				63DC66782A1D848C00FA7C3A /* UserPostsViewModel.swift in Sources */,
				6362C9392A1AD98000B0B4C1 /* Post-Data.swift in Sources */,
				63DC667F2A1DAF9A00FA7C3A /* Mocks.swift in Sources */,
				63DC667B2A1D920200FA7C3A /* Definitions.swift in Sources */,
				6362C9402A1BC10900B0B4C1 /* UsersViewModel.swift in Sources */,
				63DC667D2A1D93EB00FA7C3A /* LocalStorageService.swift in Sources */,
				634534632A0DD80800C2B721 /* CeibaApp.swift in Sources */,
				6351D08E2A11792A00C1316A /* SearchTextInput.swift in Sources */,
				6351D0932A1263C500C1316A /* RouterService.swift in Sources */,
				634534942A0DDC4A00C2B721 /* SplashScreen.swift in Sources */,
				6351D0902A11B17E00C1316A /* ListUserCellView.swift in Sources */,
				6351D0872A11305C00C1316A /* UserModel.swift in Sources */,
			);
			runOnlyForDeploymentPostprocessing = 0;
		};
		634534702A0DD80900C2B721 /* Sources */ = {
			isa = PBXSourcesBuildPhase;
			buildActionMask = 2147483647;
			files = (
				6351D08A2A11356F00C1316A /* Users.swift in Sources */,
				634534792A0DD80900C2B721 /* UserViewModel-Tests.swift in Sources */,
				636D1DD62A6DDA99002A59E5 /* PostViewModel-Tests.swift in Sources */,
			);
			runOnlyForDeploymentPostprocessing = 0;
		};
		6345347A2A0DD80900C2B721 /* Sources */ = {
			isa = PBXSourcesBuildPhase;
			buildActionMask = 2147483647;
			files = (
				634534832A0DD80900C2B721 /* CeibaUITests.swift in Sources */,
				634534852A0DD80900C2B721 /* CeibaUITestsLaunchTests.swift in Sources */,
			);
			runOnlyForDeploymentPostprocessing = 0;
		};
/* End PBXSourcesBuildPhase section */

/* Begin PBXTargetDependency section */
		634534762A0DD80900C2B721 /* PBXTargetDependency */ = {
			isa = PBXTargetDependency;
			target = 6345345E2A0DD80800C2B721 /* Ceiba */;
			targetProxy = 634534752A0DD80900C2B721 /* PBXContainerItemProxy */;
		};
		634534802A0DD80900C2B721 /* PBXTargetDependency */ = {
			isa = PBXTargetDependency;
			target = 6345345E2A0DD80800C2B721 /* Ceiba */;
			targetProxy = 6345347F2A0DD80900C2B721 /* PBXContainerItemProxy */;
		};
/* End PBXTargetDependency section */

/* Begin XCBuildConfiguration section */
		634534862A0DD80900C2B721 /* Debug */ = {
			isa = XCBuildConfiguration;
			buildSettings = {
				ALWAYS_SEARCH_USER_PATHS = NO;
				CLANG_ANALYZER_NONNULL = YES;
				CLANG_ANALYZER_NUMBER_OBJECT_CONVERSION = YES_AGGRESSIVE;
				CLANG_CXX_LANGUAGE_STANDARD = "gnu++20";
				CLANG_ENABLE_MODULES = YES;
				CLANG_ENABLE_OBJC_ARC = YES;
				CLANG_ENABLE_OBJC_WEAK = YES;
				CLANG_WARN_BLOCK_CAPTURE_AUTORELEASING = YES;
				CLANG_WARN_BOOL_CONVERSION = YES;
				CLANG_WARN_COMMA = YES;
				CLANG_WARN_CONSTANT_CONVERSION = YES;
				CLANG_WARN_DEPRECATED_OBJC_IMPLEMENTATIONS = YES;
				CLANG_WARN_DIRECT_OBJC_ISA_USAGE = YES_ERROR;
				CLANG_WARN_DOCUMENTATION_COMMENTS = YES;
				CLANG_WARN_EMPTY_BODY = YES;
				CLANG_WARN_ENUM_CONVERSION = YES;
				CLANG_WARN_INFINITE_RECURSION = YES;
				CLANG_WARN_INT_CONVERSION = YES;
				CLANG_WARN_NON_LITERAL_NULL_CONVERSION = YES;
				CLANG_WARN_OBJC_IMPLICIT_RETAIN_SELF = YES;
				CLANG_WARN_OBJC_LITERAL_CONVERSION = YES;
				CLANG_WARN_OBJC_ROOT_CLASS = YES_ERROR;
				CLANG_WARN_QUOTED_INCLUDE_IN_FRAMEWORK_HEADER = YES;
				CLANG_WARN_RANGE_LOOP_ANALYSIS = YES;
				CLANG_WARN_STRICT_PROTOTYPES = YES;
				CLANG_WARN_SUSPICIOUS_MOVE = YES;
				CLANG_WARN_UNGUARDED_AVAILABILITY = YES_AGGRESSIVE;
				CLANG_WARN_UNREACHABLE_CODE = YES;
				CLANG_WARN__DUPLICATE_METHOD_MATCH = YES;
				COPY_PHASE_STRIP = NO;
				DEBUG_INFORMATION_FORMAT = dwarf;
				ENABLE_STRICT_OBJC_MSGSEND = YES;
				ENABLE_TESTABILITY = YES;
				GCC_C_LANGUAGE_STANDARD = gnu11;
				GCC_DYNAMIC_NO_PIC = NO;
				GCC_NO_COMMON_BLOCKS = YES;
				GCC_OPTIMIZATION_LEVEL = 0;
				GCC_PREPROCESSOR_DEFINITIONS = (
					"DEBUG=1",
					"$(inherited)",
				);
				GCC_WARN_64_TO_32_BIT_CONVERSION = YES;
				GCC_WARN_ABOUT_RETURN_TYPE = YES_ERROR;
				GCC_WARN_UNDECLARED_SELECTOR = YES;
				GCC_WARN_UNINITIALIZED_AUTOS = YES_AGGRESSIVE;
				GCC_WARN_UNUSED_FUNCTION = YES;
				GCC_WARN_UNUSED_VARIABLE = YES;
				IPHONEOS_DEPLOYMENT_TARGET = 16.4;
				MTL_ENABLE_DEBUG_INFO = INCLUDE_SOURCE;
				MTL_FAST_MATH = YES;
				ONLY_ACTIVE_ARCH = YES;
				SDKROOT = iphoneos;
				SWIFT_ACTIVE_COMPILATION_CONDITIONS = DEBUG;
				SWIFT_OPTIMIZATION_LEVEL = "-Onone";
			};
			name = Debug;
		};
		634534872A0DD80900C2B721 /* Release */ = {
			isa = XCBuildConfiguration;
			buildSettings = {
				ALWAYS_SEARCH_USER_PATHS = NO;
				CLANG_ANALYZER_NONNULL = YES;
				CLANG_ANALYZER_NUMBER_OBJECT_CONVERSION = YES_AGGRESSIVE;
				CLANG_CXX_LANGUAGE_STANDARD = "gnu++20";
				CLANG_ENABLE_MODULES = YES;
				CLANG_ENABLE_OBJC_ARC = YES;
				CLANG_ENABLE_OBJC_WEAK = YES;
				CLANG_WARN_BLOCK_CAPTURE_AUTORELEASING = YES;
				CLANG_WARN_BOOL_CONVERSION = YES;
				CLANG_WARN_COMMA = YES;
				CLANG_WARN_CONSTANT_CONVERSION = YES;
				CLANG_WARN_DEPRECATED_OBJC_IMPLEMENTATIONS = YES;
				CLANG_WARN_DIRECT_OBJC_ISA_USAGE = YES_ERROR;
				CLANG_WARN_DOCUMENTATION_COMMENTS = YES;
				CLANG_WARN_EMPTY_BODY = YES;
				CLANG_WARN_ENUM_CONVERSION = YES;
				CLANG_WARN_INFINITE_RECURSION = YES;
				CLANG_WARN_INT_CONVERSION = YES;
				CLANG_WARN_NON_LITERAL_NULL_CONVERSION = YES;
				CLANG_WARN_OBJC_IMPLICIT_RETAIN_SELF = YES;
				CLANG_WARN_OBJC_LITERAL_CONVERSION = YES;
				CLANG_WARN_OBJC_ROOT_CLASS = YES_ERROR;
				CLANG_WARN_QUOTED_INCLUDE_IN_FRAMEWORK_HEADER = YES;
				CLANG_WARN_RANGE_LOOP_ANALYSIS = YES;
				CLANG_WARN_STRICT_PROTOTYPES = YES;
				CLANG_WARN_SUSPICIOUS_MOVE = YES;
				CLANG_WARN_UNGUARDED_AVAILABILITY = YES_AGGRESSIVE;
				CLANG_WARN_UNREACHABLE_CODE = YES;
				CLANG_WARN__DUPLICATE_METHOD_MATCH = YES;
				COPY_PHASE_STRIP = NO;
				DEBUG_INFORMATION_FORMAT = "dwarf-with-dsym";
				ENABLE_NS_ASSERTIONS = NO;
				ENABLE_STRICT_OBJC_MSGSEND = YES;
				GCC_C_LANGUAGE_STANDARD = gnu11;
				GCC_NO_COMMON_BLOCKS = YES;
				GCC_WARN_64_TO_32_BIT_CONVERSION = YES;
				GCC_WARN_ABOUT_RETURN_TYPE = YES_ERROR;
				GCC_WARN_UNDECLARED_SELECTOR = YES;
				GCC_WARN_UNINITIALIZED_AUTOS = YES_AGGRESSIVE;
				GCC_WARN_UNUSED_FUNCTION = YES;
				GCC_WARN_UNUSED_VARIABLE = YES;
				IPHONEOS_DEPLOYMENT_TARGET = 16.4;
				MTL_ENABLE_DEBUG_INFO = NO;
				MTL_FAST_MATH = YES;
				SDKROOT = iphoneos;
				SWIFT_COMPILATION_MODE = wholemodule;
				SWIFT_OPTIMIZATION_LEVEL = "-O";
				VALIDATE_PRODUCT = YES;
			};
			name = Release;
		};
		634534892A0DD80900C2B721 /* Debug */ = {
			isa = XCBuildConfiguration;
			buildSettings = {
				ASSETCATALOG_COMPILER_APPICON_NAME = AppIcon;
				ASSETCATALOG_COMPILER_GLOBAL_ACCENT_COLOR_NAME = AccentColor;
				CODE_SIGN_STYLE = Automatic;
				CURRENT_PROJECT_VERSION = 1;
				DEVELOPMENT_ASSET_PATHS = "\"Ceiba/Resources\"";
				DEVELOPMENT_TEAM = 2276EYPC4M;
				ENABLE_PREVIEWS = YES;
				GENERATE_INFOPLIST_FILE = YES;
				INFOPLIST_KEY_CFBundleDisplayName = CeibaSoft;
				INFOPLIST_KEY_LSApplicationCategoryType = "public.app-category.business";
				INFOPLIST_KEY_UIApplicationSceneManifest_Generation = YES;
				INFOPLIST_KEY_UIApplicationSupportsIndirectInputEvents = YES;
				INFOPLIST_KEY_UILaunchScreen_Generation = YES;
				INFOPLIST_KEY_UILaunchStoryboardName = "Launch Screen.storyboard";
				INFOPLIST_KEY_UIStatusBarStyle = UIStatusBarStyleLightContent;
				INFOPLIST_KEY_UISupportedInterfaceOrientations_iPad = "UIInterfaceOrientationPortrait UIInterfaceOrientationPortraitUpsideDown UIInterfaceOrientationLandscapeLeft UIInterfaceOrientationLandscapeRight";
				INFOPLIST_KEY_UISupportedInterfaceOrientations_iPhone = "UIInterfaceOrientationPortrait UIInterfaceOrientationLandscapeLeft UIInterfaceOrientationLandscapeRight";
				IPHONEOS_DEPLOYMENT_TARGET = 16.4;
				LD_RUNPATH_SEARCH_PATHS = (
					"$(inherited)",
					"@executable_path/Frameworks",
				);
				MARKETING_VERSION = 1.0;
				PRODUCT_BUNDLE_IDENTIFIER = com.krisskira.Ceiba;
				PRODUCT_NAME = "$(TARGET_NAME)";
				SUPPORTED_PLATFORMS = "iphoneos iphonesimulator";
				SUPPORTS_MACCATALYST = NO;
				SUPPORTS_MAC_DESIGNED_FOR_IPHONE_IPAD = NO;
				SWIFT_EMIT_LOC_STRINGS = YES;
				SWIFT_VERSION = 5.0;
				TARGETED_DEVICE_FAMILY = "1,2";
			};
			name = Debug;
		};
		6345348A2A0DD80900C2B721 /* Release */ = {
			isa = XCBuildConfiguration;
			buildSettings = {
				ASSETCATALOG_COMPILER_APPICON_NAME = AppIcon;
				ASSETCATALOG_COMPILER_GLOBAL_ACCENT_COLOR_NAME = AccentColor;
				CODE_SIGN_STYLE = Automatic;
				CURRENT_PROJECT_VERSION = 1;
				DEVELOPMENT_ASSET_PATHS = "\"Ceiba/Resources\"";
				DEVELOPMENT_TEAM = 2276EYPC4M;
				ENABLE_PREVIEWS = YES;
				GENERATE_INFOPLIST_FILE = YES;
				INFOPLIST_KEY_CFBundleDisplayName = CeibaSoft;
				INFOPLIST_KEY_LSApplicationCategoryType = "public.app-category.business";
				INFOPLIST_KEY_UIApplicationSceneManifest_Generation = YES;
				INFOPLIST_KEY_UIApplicationSupportsIndirectInputEvents = YES;
				INFOPLIST_KEY_UILaunchScreen_Generation = YES;
				INFOPLIST_KEY_UILaunchStoryboardName = "Launch Screen.storyboard";
				INFOPLIST_KEY_UIStatusBarStyle = UIStatusBarStyleLightContent;
				INFOPLIST_KEY_UISupportedInterfaceOrientations_iPad = "UIInterfaceOrientationPortrait UIInterfaceOrientationPortraitUpsideDown UIInterfaceOrientationLandscapeLeft UIInterfaceOrientationLandscapeRight";
				INFOPLIST_KEY_UISupportedInterfaceOrientations_iPhone = "UIInterfaceOrientationPortrait UIInterfaceOrientationLandscapeLeft UIInterfaceOrientationLandscapeRight";
				IPHONEOS_DEPLOYMENT_TARGET = 16.4;
				LD_RUNPATH_SEARCH_PATHS = (
					"$(inherited)",
					"@executable_path/Frameworks",
				);
				MARKETING_VERSION = 1.0;
				PRODUCT_BUNDLE_IDENTIFIER = com.krisskira.Ceiba;
				PRODUCT_NAME = "$(TARGET_NAME)";
				SUPPORTED_PLATFORMS = "iphoneos iphonesimulator";
				SUPPORTS_MACCATALYST = NO;
				SUPPORTS_MAC_DESIGNED_FOR_IPHONE_IPAD = NO;
				SWIFT_EMIT_LOC_STRINGS = YES;
				SWIFT_VERSION = 5.0;
				TARGETED_DEVICE_FAMILY = "1,2";
			};
			name = Release;
		};
		6345348C2A0DD80900C2B721 /* Debug */ = {
			isa = XCBuildConfiguration;
			buildSettings = {
				ALWAYS_EMBED_SWIFT_STANDARD_LIBRARIES = YES;
				BUNDLE_LOADER = "$(TEST_HOST)";
				CODE_SIGN_STYLE = Automatic;
				CURRENT_PROJECT_VERSION = 1;
				DEVELOPMENT_TEAM = 2276EYPC4M;
				GENERATE_INFOPLIST_FILE = YES;
				IPHONEOS_DEPLOYMENT_TARGET = 16.4;
				MARKETING_VERSION = 1.0;
				PRODUCT_BUNDLE_IDENTIFIER = com.krisskira.CeibaTests;
				PRODUCT_NAME = "$(TARGET_NAME)";
				SWIFT_EMIT_LOC_STRINGS = NO;
				SWIFT_VERSION = 5.0;
				TARGETED_DEVICE_FAMILY = "1,2";
				TEST_HOST = "$(BUILT_PRODUCTS_DIR)/Ceiba.app/$(BUNDLE_EXECUTABLE_FOLDER_PATH)/Ceiba";
			};
			name = Debug;
		};
		6345348D2A0DD80900C2B721 /* Release */ = {
			isa = XCBuildConfiguration;
			buildSettings = {
				ALWAYS_EMBED_SWIFT_STANDARD_LIBRARIES = YES;
				BUNDLE_LOADER = "$(TEST_HOST)";
				CODE_SIGN_STYLE = Automatic;
				CURRENT_PROJECT_VERSION = 1;
				DEVELOPMENT_TEAM = 2276EYPC4M;
				GENERATE_INFOPLIST_FILE = YES;
				IPHONEOS_DEPLOYMENT_TARGET = 16.4;
				MARKETING_VERSION = 1.0;
				PRODUCT_BUNDLE_IDENTIFIER = com.krisskira.CeibaTests;
				PRODUCT_NAME = "$(TARGET_NAME)";
				SWIFT_EMIT_LOC_STRINGS = NO;
				SWIFT_VERSION = 5.0;
				TARGETED_DEVICE_FAMILY = "1,2";
				TEST_HOST = "$(BUILT_PRODUCTS_DIR)/Ceiba.app/$(BUNDLE_EXECUTABLE_FOLDER_PATH)/Ceiba";
			};
			name = Release;
		};
		6345348F2A0DD80900C2B721 /* Debug */ = {
			isa = XCBuildConfiguration;
			buildSettings = {
				ALWAYS_EMBED_SWIFT_STANDARD_LIBRARIES = YES;
				CODE_SIGN_STYLE = Automatic;
				CURRENT_PROJECT_VERSION = 1;
				DEVELOPMENT_TEAM = 2276EYPC4M;
				GENERATE_INFOPLIST_FILE = YES;
				MARKETING_VERSION = 1.0;
				PRODUCT_BUNDLE_IDENTIFIER = com.krisskira.CeibaUITests;
				PRODUCT_NAME = "$(TARGET_NAME)";
				SWIFT_EMIT_LOC_STRINGS = NO;
				SWIFT_VERSION = 5.0;
				TARGETED_DEVICE_FAMILY = "1,2";
				TEST_TARGET_NAME = Ceiba;
			};
			name = Debug;
		};
		634534902A0DD80900C2B721 /* Release */ = {
			isa = XCBuildConfiguration;
			buildSettings = {
				ALWAYS_EMBED_SWIFT_STANDARD_LIBRARIES = YES;
				CODE_SIGN_STYLE = Automatic;
				CURRENT_PROJECT_VERSION = 1;
				DEVELOPMENT_TEAM = 2276EYPC4M;
				GENERATE_INFOPLIST_FILE = YES;
				MARKETING_VERSION = 1.0;
				PRODUCT_BUNDLE_IDENTIFIER = com.krisskira.CeibaUITests;
				PRODUCT_NAME = "$(TARGET_NAME)";
				SWIFT_EMIT_LOC_STRINGS = NO;
				SWIFT_VERSION = 5.0;
				TARGETED_DEVICE_FAMILY = "1,2";
				TEST_TARGET_NAME = Ceiba;
			};
			name = Release;
		};
/* End XCBuildConfiguration section */

/* Begin XCConfigurationList section */
		6345345A2A0DD80800C2B721 /* Build configuration list for PBXProject "Ceiba" */ = {
			isa = XCConfigurationList;
			buildConfigurations = (
				634534862A0DD80900C2B721 /* Debug */,
				634534872A0DD80900C2B721 /* Release */,
			);
			defaultConfigurationIsVisible = 0;
			defaultConfigurationName = Release;
		};
		634534882A0DD80900C2B721 /* Build configuration list for PBXNativeTarget "Ceiba" */ = {
			isa = XCConfigurationList;
			buildConfigurations = (
				634534892A0DD80900C2B721 /* Debug */,
				6345348A2A0DD80900C2B721 /* Release */,
			);
			defaultConfigurationIsVisible = 0;
			defaultConfigurationName = Release;
		};
		6345348B2A0DD80900C2B721 /* Build configuration list for PBXNativeTarget "CeibaTests" */ = {
			isa = XCConfigurationList;
			buildConfigurations = (
				6345348C2A0DD80900C2B721 /* Debug */,
				6345348D2A0DD80900C2B721 /* Release */,
			);
			defaultConfigurationIsVisible = 0;
			defaultConfigurationName = Release;
		};
		6345348E2A0DD80900C2B721 /* Build configuration list for PBXNativeTarget "CeibaUITests" */ = {
			isa = XCConfigurationList;
			buildConfigurations = (
				6345348F2A0DD80900C2B721 /* Debug */,
				634534902A0DD80900C2B721 /* Release */,
			);
			defaultConfigurationIsVisible = 0;
			defaultConfigurationName = Release;
		};
/* End XCConfigurationList section */
	};
	rootObject = 634534572A0DD80800C2B721 /* Project object */;
}
